
Microsoft Visual Studio Solution File, Format Version 12.00
# Visual Studio Version 17
VisualStudioVersion = 17.6.33829.357
MinimumVisualStudioVersion = 10.0.40219.1
Project("{888888A0-9F3D-457C-B088-3A5042F75D52}") = "SecurePasswordGenerator", "SecurePasswordGenerator\SecurePasswordGenerator.pyproj", "{E3994DA3-4554-4C4C-8998-D7EF14EA5089}"
EndProject
Global
	GlobalSection(SolutionConfigurationPlatforms) = preSolution
		Debug|Any CPU = Debug|Any CPU
		Release|Any CPU = Release|Any CPU
	EndGlobalSection
	GlobalSection(ProjectConfigurationPlatforms) = postSolution
		{E3994DA3-4554-4C4C-8998-D7EF14EA5089}.Debug|Any CPU.ActiveCfg = Debug|Any CPU
		{E3994DA3-4554-4C4C-8998-D7EF14EA5089}.Release|Any CPU.ActiveCfg = Release|Any CPU
	EndGlobalSection
	GlobalSection(SolutionProperties) = preSolution
		HideSolutionNode = FALSE
	EndGlobalSection
	GlobalSection(ExtensibilityGlobals) = postSolution
		SolutionGuid = {7B1EC43A-FDB6-42F9-996F-DF1E8AC7A09A}
	EndGlobalSection
EndGlobal
